# THIS IS AN AUTOGENERATED FILE. DO NOT EDIT THIS FILE DIRECTLY.
# yarn lockfile v1


argparse@^1.0.7:
  version "1.0.10"
  resolved "https://registry.yarnpkg.com/argparse/-/argparse-1.0.10.tgz#bcd6791ea5ae09725e17e5ad988134cd40b3d911"
  dependencies:
    sprintf-js "~1.0.2"

async@1.x:
  version "1.5.2"
  resolved "https://registry.yarnpkg.com/async/-/async-1.5.2.tgz#ec6a61ae56480c0c3cb241c95618e20892f9672a"

bindings@^1.2.1:
  version "1.3.0"
  resolved "https://registry.yarnpkg.com/bindings/-/bindings-1.3.0.tgz#b346f6ecf6a95f5a815c5839fc7cdb22502f1ed7"

bluebird@^3.1.1:
  version "3.5.1"
  resolved "https://registry.yarnpkg.com/bluebird/-/bluebird-3.5.1.tgz#d9551f9de98f1fcda1e683d17ee91a0602ee2eb9"

colors@1.x:
  version "1.3.1"
  resolved "https://registry.yarnpkg.com/colors/-/colors-1.3.1.tgz#4accdb89cf2cabc7f982771925e9468784f32f3d"

commander@2.8.x:
  version "2.8.1"
  resolved "https://registry.yarnpkg.com/commander/-/commander-2.8.1.tgz#06be367febfda0c330aa1e2a072d3dc9762425d4"
  dependencies:
    graceful-readlink ">= 1.0.0"

confert@1.x:
  version "1.0.0"
  resolved "https://registry.yarnpkg.com/confert/-/confert-1.0.0.tgz#39e8c6319e5f9a5f9dac3e148a7d014f093eb9fc"
  dependencies:
    ini "^1.3.3"
    js-yaml "^3.2.7"
  optionalDependencies:
    xml2json "^0.6.1"

consolidate@0.14.x:
  version "0.14.5"
  resolved "https://registry.yarnpkg.com/consolidate/-/consolidate-0.14.5.tgz#5a25047bc76f73072667c8cb52c989888f494c63"
  dependencies:
    bluebird "^3.1.1"

esprima@^4.0.0:
  version "4.0.1"
  resolved "https://registry.yarnpkg.com/esprima/-/esprima-4.0.1.tgz#13b04cdb3e6c5d19df91ab6987a8695619b0aa71"

"graceful-readlink@>= 1.0.0":
  version "1.0.1"
  resolved "https://registry.yarnpkg.com/graceful-readlink/-/graceful-readlink-1.0.1.tgz#4cafad76bc62f02fa039b2f94e9a3dd3a391a725"

groupby-cli@^0.2.1:
  version "0.2.1"
  resolved "https://registry.yarnpkg.com/groupby-cli/-/groupby-cli-0.2.1.tgz#0a9307343e1e03b952f1f1cf05e4528681b08f2d"
  dependencies:
    commander "2.8.x"
    mkdirp "^0.5.0"
    simple-path-expressions "^1.1.2"
    slug "^0.6.0"
    underscore "^1.8.0"

hamljs@^0.6.2:
  version "0.6.2"
  resolved "https://registry.yarnpkg.com/hamljs/-/hamljs-0.6.2.tgz#7b7116cf6dbe7278e42b3f6ef8725a33e177c8e3"

ini@^1.3.3:
  version "1.3.5"
  resolved "https://registry.yarnpkg.com/ini/-/ini-1.3.5.tgz#eee25f56db1c9ec6085e0c22778083f596abf927"

js-yaml@^3.2.7:
  version "3.12.0"
  resolved "https://registry.yarnpkg.com/js-yaml/-/js-yaml-3.12.0.tgz#eaed656ec8344f10f527c6bfa1b6e2244de167d1"
  dependencies:
    argparse "^1.0.7"
    esprima "^4.0.0"

minimist@0.0.8:
  version "0.0.8"
  resolved "https://registry.yarnpkg.com/minimist/-/minimist-0.0.8.tgz#857fcabfc3397d2625b8228262e86aa7a011b05d"

mkdirp@0.5.x, mkdirp@^0.5.0:
  version "0.5.1"
  resolved "https://registry.yarnpkg.com/mkdirp/-/mkdirp-0.5.1.tgz#30057438eac6cf7f8c4767f38648d6697d75c903"
  dependencies:
    minimist "0.0.8"

nan@^2.3.5:
  version "2.10.0"
  resolved "https://registry.yarnpkg.com/nan/-/nan-2.10.0.tgz#96d0cd610ebd58d4b4de9cc0c6828cda99c7548f"

node-expat@^2.3.7:
  version "2.3.16"
  resolved "https://registry.yarnpkg.com/node-expat/-/node-expat-2.3.16.tgz#adb22174e1aaa5305996bd5b1aa6f2c8d5c0f239"
  dependencies:
    bindings "^1.2.1"
    nan "^2.3.5"

render-cli@^0.3.2:
  version "0.3.2"
  resolved "https://registry.yarnpkg.com/render-cli/-/render-cli-0.3.2.tgz#012b0089a61112c40bf1fd8b94afc0d1ee39f131"
  dependencies:
    async "1.x"
    colors "1.x"
    commander "2.8.x"
    confert "1.x"
    consolidate "0.14.x"
    groupby-cli "^0.2.1"
    mkdirp "0.5.x"
    simple-path-expressions "^1.1.2"
    underscore "1.8.x"

simple-path-expressions@^1.1.2:
  version "1.1.2"
  resolved "https://registry.yarnpkg.com/simple-path-expressions/-/simple-path-expressions-1.1.2.tgz#3859341fc97989bec766bb343e2254f874ab1978"
  dependencies:
    underscore "1.6.x"

slug@^0.6.0:
  version "0.6.0"
  resolved "https://registry.yarnpkg.com/slug/-/slug-0.6.0.tgz#b214e1e968878d7361c96f932179aa12100bdefd"
  dependencies:
    unicode ">= 0.3.1"

sprintf-js@~1.0.2:
  version "1.0.3"
  resolved "https://registry.yarnpkg.com/sprintf-js/-/sprintf-js-1.0.3.tgz#04e6926f662895354f3dd015203633b857297e2c"

underscore@1.6.x:
  version "1.6.0"
  resolved "https://registry.yarnpkg.com/underscore/-/underscore-1.6.0.tgz#8b38b10cacdef63337b8b24e4ff86d45aea529a8"

underscore@1.8.x:
  version "1.8.3"
  resolved "https://registry.yarnpkg.com/underscore/-/underscore-1.8.3.tgz#4f3fb53b106e6097fcf9cb4109f2a5e9bdfa5022"

underscore@^1.8.0:
  version "1.9.1"
  resolved "https://registry.yarnpkg.com/underscore/-/underscore-1.9.1.tgz#06dce34a0e68a7babc29b365b8e74b8925203961"

"unicode@>= 0.3.1":
  version "11.0.1"
  resolved "https://registry.yarnpkg.com/unicode/-/unicode-11.0.1.tgz#735bd422ec75cf28d396eb224d535d168d5f1db6"

xml2json@^0.6.1:
  version "0.6.2"
  resolved "https://registry.yarnpkg.com/xml2json/-/xml2json-0.6.2.tgz#7cd18307cd7de13ca9bccc57c9c9dea3b3503203"
  dependencies:
    node-expat "^2.3.7"
